{
  "version": 4,
  "terraform_version": "0.13.3",
  "serial": 17,
  "lineage": "8ee20aa4-2b2f-97fe-24fe-ca78530fe1e6",
  "outputs": {},
  "resources": [
    {
      "mode": "managed",
      "type": "docker_container",
      "name": "BackEnd",
      "provider": "provider[\"registry.terraform.io/terraform-providers/docker\"]",
      "instances": [
        {
          "schema_version": 2,
          "attributes": {
            "attach": false,
            "bridge": "",
            "capabilities": [],
            "command": [
              "node",
              "server"
            ],
            "container_logs": null,
            "cpu_set": "",
            "cpu_shares": 0,
            "destroy_grace_seconds": null,
            "devices": [],
            "dns": [],
            "dns_opts": [],
            "dns_search": null,
            "domainname": "",
            "entrypoint": [
              "docker-entrypoint.sh"
            ],
            "env": null,
            "exit_code": null,
            "gateway": "172.17.0.1",
            "group_add": null,
            "healthcheck": [],
            "host": [],
            "hostname": "0f1ecc47f5f2",
            "id": "0f1ecc47f5f2a0287558c470999becf8eaa5dbaa370f75ce2d297bcecbf6ebc9",
            "image": "sha256:e71b4318901e661e9d28270351a1701d2ad76aebc239e5f450744817b9acd002",
            "ip_address": "172.17.0.2",
            "ip_prefix_length": 16,
            "ipc_mode": "private",
            "labels": [],
            "links": null,
            "log_driver": "json-file",
            "log_opts": {},
            "logs": false,
            "max_retry_count": 0,
            "memory": 0,
            "memory_swap": 0,
            "mounts": [],
            "must_run": true,
            "name": "Container_BackEnd",
            "network_alias": null,
            "network_data": [
              {
                "gateway": "172.17.0.1",
                "ip_address": "172.17.0.2",
                "ip_prefix_length": 16,
                "network_name": "bridge"
              }
            ],
            "network_mode": "default",
            "networks": null,
            "networks_advanced": [],
            "pid_mode": "",
            "ports": [
              {
                "external": 3000,
                "internal": 3000,
                "ip": "0.0.0.0",
                "protocol": "tcp"
              }
            ],
            "privileged": false,
            "publish_all_ports": false,
            "read_only": false,
            "restart": "no",
            "rm": false,
            "shm_size": 64,
            "start": true,
            "sysctls": null,
            "tmpfs": null,
            "ulimit": [],
            "upload": [],
            "user": "",
            "userns_mode": "",
            "volumes": [],
            "working_dir": "/app"
          },
          "private": "eyJzY2hlbWFfdmVyc2lvbiI6IjIifQ==",
          "dependencies": [
            "docker_image.image_backEnd"
          ]
        }
      ]
    },
    {
      "mode": "managed",
      "type": "docker_container",
      "name": "FrontEnd",
      "provider": "provider[\"registry.terraform.io/terraform-providers/docker\"]",
      "instances": [
        {
          "schema_version": 2,
          "attributes": {
            "attach": false,
            "bridge": "",
            "capabilities": [],
            "command": [
              "node",
              "server"
            ],
            "container_logs": null,
            "cpu_set": "",
            "cpu_shares": 0,
            "destroy_grace_seconds": null,
            "devices": [],
            "dns": [],
            "dns_opts": [],
            "dns_search": null,
            "domainname": "",
            "entrypoint": [
              "docker-entrypoint.sh"
            ],
            "env": null,
            "exit_code": null,
            "gateway": "172.17.0.1",
            "group_add": null,
            "healthcheck": [],
            "host": [],
            "hostname": "db8a6c0d1950",
            "id": "db8a6c0d1950a3a912517c23e7e579a4a1c21e47de5c1acbb36d11d8dba0a644",
            "image": "sha256:0515236cb79de7fb5698f4c9ac6d9fd4f2a909b3ea6bdcd7cd7f96e6767474ee",
            "ip_address": "172.17.0.3",
            "ip_prefix_length": 16,
            "ipc_mode": "private",
            "labels": [],
            "links": null,
            "log_driver": "json-file",
            "log_opts": {},
            "logs": false,
            "max_retry_count": 0,
            "memory": 0,
            "memory_swap": 0,
            "mounts": [],
            "must_run": true,
            "name": "Container_FrontEnd",
            "network_alias": null,
            "network_data": [
              {
                "gateway": "172.17.0.1",
                "ip_address": "172.17.0.3",
                "ip_prefix_length": 16,
                "network_name": "bridge"
              }
            ],
            "network_mode": "default",
            "networks": null,
            "networks_advanced": [],
            "pid_mode": "",
            "ports": [
              {
                "external": 3030,
                "internal": 3030,
                "ip": "0.0.0.0",
                "protocol": "tcp"
              }
            ],
            "privileged": false,
            "publish_all_ports": false,
            "read_only": false,
            "restart": "no",
            "rm": false,
            "shm_size": 64,
            "start": true,
            "sysctls": null,
            "tmpfs": null,
            "ulimit": [],
            "upload": [],
            "user": "",
            "userns_mode": "",
            "volumes": [],
            "working_dir": "/app"
          },
          "private": "eyJzY2hlbWFfdmVyc2lvbiI6IjIifQ==",
          "dependencies": [
            "docker_image.image_frontEnd"
          ]
        }
      ]
    },
    {
      "mode": "managed",
      "type": "docker_image",
      "name": "image_backEnd",
      "provider": "provider[\"registry.terraform.io/terraform-providers/docker\"]",
      "instances": [
        {
          "schema_version": 0,
          "attributes": {
            "id": "sha256:e71b4318901e661e9d28270351a1701d2ad76aebc239e5f450744817b9acd002aik-back:1.0",
            "keep_locally": null,
            "latest": "sha256:e71b4318901e661e9d28270351a1701d2ad76aebc239e5f450744817b9acd002",
            "name": "aik-back:1.0",
            "pull_trigger": null,
            "pull_triggers": null
          },
          "private": "bnVsbA=="
        }
      ]
    },
    {
      "mode": "managed",
      "type": "docker_image",
      "name": "image_frontEnd",
      "provider": "provider[\"registry.terraform.io/terraform-providers/docker\"]",
      "instances": [
        {
          "schema_version": 0,
          "attributes": {
            "id": "sha256:0515236cb79de7fb5698f4c9ac6d9fd4f2a909b3ea6bdcd7cd7f96e6767474eeaik-front:1.0",
            "keep_locally": null,
            "latest": "sha256:0515236cb79de7fb5698f4c9ac6d9fd4f2a909b3ea6bdcd7cd7f96e6767474ee",
            "name": "aik-front:1.0",
            "pull_trigger": null,
            "pull_triggers": null
          },
          "private": "bnVsbA=="
        }
      ]
    }
  ]
}
